// !$*UTF8*$!
{
	archiveVersion = 1;
	classes = {
	};
	objectVersion = 77;
	objects = {

/* Begin PBXContainerItemProxy section */
		C3CC28D62D3F31E80099E328 /* PBXContainerItemProxy */ = {
			isa = PBXContainerItemProxy;
			containerPortal = C3CC28B72D3F31E30099E328 /* Project object */;
			proxyType = 1;
			remoteGlobalIDString = C3CC28BE2D3F31E30099E328;
			remoteInfo = "CodePath Prework Natasha Budiman";
		};
		C3CC28E02D3F31E80099E328 /* PBXContainerItemProxy */ = {
			isa = PBXContainerItemProxy;
			containerPortal = C3CC28B72D3F31E30099E328 /* Project object */;
			proxyType = 1;
			remoteGlobalIDString = C3CC28BE2D3F31E30099E328;
			remoteInfo = "CodePath Prework Natasha Budiman";
		};
/* End PBXContainerItemProxy section */

/* Begin PBXFileReference section */
		C3CC28BF2D3F31E30099E328 /* CodePath Prework Natasha Budiman.app */ = {isa = PBXFileReference; explicitFileType = wrapper.application; includeInIndex = 0; path = "CodePath Prework Natasha Budiman.app"; sourceTree = BUILT_PRODUCTS_DIR; };
		C3CC28D52D3F31E80099E328 /* CodePath Prework Natasha BudimanTests.xctest */ = {isa = PBXFileReference; explicitFileType = wrapper.cfbundle; includeInIndex = 0; path = "CodePath Prework Natasha BudimanTests.xctest"; sourceTree = BUILT_PRODUCTS_DIR; };
		C3CC28DF2D3F31E80099E328 /* CodePath Prework Natasha BudimanUITests.xctest */ = {isa = PBXFileReference; explicitFileType = wrapper.cfbundle; includeInIndex = 0; path = "CodePath Prework Natasha BudimanUITests.xctest"; sourceTree = BUILT_PRODUCTS_DIR; };
/* End PBXFileReference section */

/* Begin PBXFileSystemSynchronizedBuildFileExceptionSet section */
		C3CC28E72D3F31E80099E328 /* Exceptions for "CodePath Prework Natasha Budiman" folder in "CodePath Prework Natasha Budiman" target */ = {
			isa = PBXFileSystemSynchronizedBuildFileExceptionSet;
			membershipExceptions = (
				Info.plist,
			);
			target = C3CC28BE2D3F31E30099E328 /* CodePath Prework Natasha Budiman */;
		};
/* End PBXFileSystemSynchronizedBuildFileExceptionSet section */

/* Begin PBXFileSystemSynchronizedRootGroup section */
		C3CC28C12D3F31E30099E328 /* CodePath Prework Natasha Budiman */ = {
			isa = PBXFileSystemSynchronizedRootGroup;
			exceptions = (
				C3CC28E72D3F31E80099E328 /* Exceptions for "CodePath Prework Natasha Budiman" folder in "CodePath Prework Natasha Budiman" target */,
			);
			path = "CodePath Prework Natasha Budiman";
			sourceTree = "<group>";
		};
		C3CC28D82D3F31E80099E328 /* CodePath Prework Natasha BudimanTests */ = {
			isa = PBXFileSystemSynchronizedRootGroup;
			path = "CodePath Prework Natasha BudimanTests";
			sourceTree = "<group>";
		};
		C3CC28E22D3F31E80099E328 /* CodePath Prework Natasha BudimanUITests */ = {
			isa = PBXFileSystemSynchronizedRootGroup;
			path = "CodePath Prework Natasha BudimanUITests";
			sourceTree = "<group>";
		};
/* End PBXFileSystemSynchronizedRootGroup section */

/* Begin PBXFrameworksBuildPhase section */
		C3CC28BC2D3F31E30099E328 /* Frameworks */ = {
			isa = PBXFrameworksBuildPhase;
			buildActionMask = 2147483647;
			files = (
			);
			runOnlyForDeploymentPostprocessing = 0;
		};
		C3CC28D22D3F31E80099E328 /* Frameworks */ = {
			isa = PBXFrameworksBuildPhase;
			buildActionMask = 2147483647;
			files = (
			);
			runOnlyForDeploymentPostprocessing = 0;
		};
		C3CC28DC2D3F31E80099E328 /* Frameworks */ = {
			isa = PBXFrameworksBuildPhase;
			buildActionMask = 2147483647;
			files = (
			);
			runOnlyForDeploymentPostprocessing = 0;
		};
/* End PBXFrameworksBuildPhase section */

/* Begin PBXGroup section */
		C3CC28B62D3F31E30099E328 = {
			isa = PBXGroup;
			children = (
				C3CC28C12D3F31E30099E328 /* CodePath Prework Natasha Budiman */,
				C3CC28D82D3F31E80099E328 /* CodePath Prework Natasha BudimanTests */,
				C3CC28E22D3F31E80099E328 /* CodePath Prework Natasha BudimanUITests */,
				C3CC28C02D3F31E30099E328 /* Products */,
			);
			sourceTree = "<group>";
		};
		C3CC28C02D3F31E30099E328 /* Products */ = {
			isa = PBXGroup;
			children = (
				C3CC28BF2D3F31E30099E328 /* CodePath Prework Natasha Budiman.app */,
				C3CC28D52D3F31E80099E328 /* CodePath Prework Natasha BudimanTests.xctest */,
				C3CC28DF2D3F31E80099E328 /* CodePath Prework Natasha BudimanUITests.xctest */,
			);
			name = Products;
			sourceTree = "<group>";
		};
/* End PBXGroup section */

/* Begin PBXNativeTarget section */
		C3CC28BE2D3F31E30099E328 /* CodePath Prework Natasha Budiman */ = {
			isa = PBXNativeTarget;
			buildConfigurationList = C3CC28E82D3F31E80099E328 /* Build configuration list for PBXNativeTarget "CodePath Prework Natasha Budiman" */;
			buildPhases = (
				C3CC28BB2D3F31E30099E328 /* Sources */,
				C3CC28BC2D3F31E30099E328 /* Frameworks */,
				C3CC28BD2D3F31E30099E328 /* Resources */,
			);
			buildRules = (
			);
			dependencies = (
			);
			fileSystemSynchronizedGroups = (
				C3CC28C12D3F31E30099E328 /* CodePath Prework Natasha Budiman */,
			);
			name = "CodePath Prework Natasha Budiman";
			packageProductDependencies = (
			);
			productName = "CodePath Prework Natasha Budiman";
			productReference = C3CC28BF2D3F31E30099E328 /* CodePath Prework Natasha Budiman.app */;
			productType = "com.apple.product-type.application";
		};
		C3CC28D42D3F31E80099E328 /* CodePath Prework Natasha BudimanTests */ = {
			isa = PBXNativeTarget;
			buildConfigurationList = C3CC28ED2D3F31E80099E328 /* Build configuration list for PBXNativeTarget "CodePath Prework Natasha BudimanTests" */;
			buildPhases = (
				C3CC28D12D3F31E80099E328 /* Sources */,
				C3CC28D22D3F31E80099E328 /* Frameworks */,
				C3CC28D32D3F31E80099E328 /* Resources */,
			);
			buildRules = (
			);
			dependencies = (
				C3CC28D72D3F31E80099E328 /* PBXTargetDependency */,
			);
			fileSystemSynchronizedGroups = (
				C3CC28D82D3F31E80099E328 /* CodePath Prework Natasha BudimanTests */,
			);
			name = "CodePath Prework Natasha BudimanTests";
			packageProductDependencies = (
			);
			productName = "CodePath Prework Natasha BudimanTests";
			productReference = C3CC28D52D3F31E80099E328 /* CodePath Prework Natasha BudimanTests.xctest */;
			productType = "com.apple.product-type.bundle.unit-test";
		};
		C3CC28DE2D3F31E80099E328 /* CodePath Prework Natasha BudimanUITests */ = {
			isa = PBXNativeTarget;
			buildConfigurationList = C3CC28F02D3F31E80099E328 /* Build configuration list for PBXNativeTarget "CodePath Prework Natasha BudimanUITests" */;
			buildPhases = (
				C3CC28DB2D3F31E80099E328 /* Sources */,
				C3CC28DC2D3F31E80099E328 /* Frameworks */,
				C3CC28DD2D3F31E80099E328 /* Resources */,
			);
			buildRules = (
			);
			dependencies = (
				C3CC28E12D3F31E80099E328 /* PBXTargetDependency */,
			);
			fileSystemSynchronizedGroups = (
				C3CC28E22D3F31E80099E328 /* CodePath Prework Natasha BudimanUITests */,
			);
			name = "CodePath Prework Natasha BudimanUITests";
			packageProductDependencies = (
			);
			productName = "CodePath Prework Natasha BudimanUITests";
			productReference = C3CC28DF2D3F31E80099E328 /* CodePath Prework Natasha BudimanUITests.xctest */;
			productType = "com.apple.product-type.bundle.ui-testing";
		};
/* End PBXNativeTarget section */

/* Begin PBXProject section */
		C3CC28B72D3F31E30099E328 /* Project object */ = {
			isa = PBXProject;
			attributes = {
				BuildIndependentTargetsInParallel = 1;
				LastSwiftUpdateCheck = 1620;
				LastUpgradeCheck = 1620;
				TargetAttributes = {
					C3CC28BE2D3F31E30099E328 = {
						CreatedOnToolsVersion = 16.2;
					};
					C3CC28D42D3F31E80099E328 = {
						CreatedOnToolsVersion = 16.2;
						TestTargetID = C3CC28BE2D3F31E30099E328;
					};
					C3CC28DE2D3F31E80099E328 = {
						CreatedOnToolsVersion = 16.2;
						TestTargetID = C3CC28BE2D3F31E30099E328;
					};
				};
			};
			buildConfigurationList = C3CC28BA2D3F31E30099E328 /* Build configuration list for PBXProject "CodePath Prework Natasha Budiman" */;
			developmentRegion = en;
			hasScannedForEncodings = 0;
			knownRegions = (
				en,
				Base,
			);
			mainGroup = C3CC28B62D3F31E30099E328;
			minimizedProjectReferenceProxies = 1;
			preferredProjectObjectVersion = 77;
			productRefGroup = C3CC28C02D3F31E30099E328 /* Products */;
			projectDirPath = "";
			projectRoot = "";
			targets = (
				C3CC28BE2D3F31E30099E328 /* CodePath Prework Natasha Budiman */,
				C3CC28D42D3F31E80099E328 /* CodePath Prework Natasha BudimanTests */,
				C3CC28DE2D3F31E80099E328 /* CodePath Prework Natasha BudimanUITests */,
			);
		};
/* End PBXProject section */

/* Begin PBXResourcesBuildPhase section */
		C3CC28BD2D3F31E30099E328 /* Resources */ = {
			isa = PBXResourcesBuildPhase;
			buildActionMask = 2147483647;
			files = (
			);
			runOnlyForDeploymentPostprocessing = 0;
		};
		C3CC28D32D3F31E80099E328 /* Resources */ = {
			isa = PBXResourcesBuildPhase;
			buildActionMask = 2147483647;
			files = (
			);
			runOnlyForDeploymentPostprocessing = 0;
		};
		C3CC28DD2D3F31E80099E328 /* Resources */ = {
			isa = PBXResourcesBuildPhase;
			buildActionMask = 2147483647;
			files = (
			);
			runOnlyForDeploymentPostprocessing = 0;
		};
/* End PBXResourcesBuildPhase section */

/* Begin PBXSourcesBuildPhase section */
		C3CC28BB2D3F31E30099E328 /* Sources */ = {
			isa = PBXSourcesBuildPhase;
			buildActionMask = 2147483647;
			files = (
			);
			runOnlyForDeploymentPostprocessing = 0;
		};
		C3CC28D12D3F31E80099E328 /* Sources */ = {
			isa = PBXSourcesBuildPhase;
			buildActionMask = 2147483647;
			files = (
			);
			runOnlyForDeploymentPostprocessing = 0;
		};
		C3CC28DB2D3F31E80099E328 /* Sources */ = {
			isa = PBXSourcesBuildPhase;
			buildActionMask = 2147483647;
			files = (
			);
			runOnlyForDeploymentPostprocessing = 0;
		};
/* End PBXSourcesBuildPhase section */

/* Begin PBXTargetDependency section */
		C3CC28D72D3F31E80099E328 /* PBXTargetDependency */ = {
			isa = PBXTargetDependency;
			target = C3CC28BE2D3F31E30099E328 /* CodePath Prework Natasha Budiman */;
			targetProxy = C3CC28D62D3F31E80099E328 /* PBXContainerItemProxy */;
		};
		C3CC28E12D3F31E80099E328 /* PBXTargetDependency */ = {
			isa = PBXTargetDependency;
			target = C3CC28BE2D3F31E30099E328 /* CodePath Prework Natasha Budiman */;
			targetProxy = C3CC28E02D3F31E80099E328 /* PBXContainerItemProxy */;
		};
/* End PBXTargetDependency section */

/* Begin XCBuildConfiguration section */
		C3CC28E92D3F31E80099E328 /* Debug */ = {
			isa = XCBuildConfiguration;
			buildSettings = {
				ASSETCATALOG_COMPILER_APPICON_NAME = AppIcon;
				ASSETCATALOG_COMPILER_GLOBAL_ACCENT_COLOR_NAME = AccentColor;
				CODE_SIGN_STYLE = Automatic;
				CURRENT_PROJECT_VERSION = 1;
				GENERATE_INFOPLIST_FILE = YES;
				INFOPLIST_FILE = "CodePath Prework Natasha Budiman/Info.plist";
				INFOPLIST_KEY_UIApplicationSupportsIndirectInputEvents = YES;
				INFOPLIST_KEY_UILaunchStoryboardName = LaunchScreen;
				INFOPLIST_KEY_UIMainStoryboardFile = Main;
				INFOPLIST_KEY_UISupportedInterfaceOrientations_iPad = "UIInterfaceOrientationPortrait UIInterfaceOrientationPortraitUpsideDown UIInterfaceOrientationLandscapeLeft UIInterfaceOrientationLandscapeRight";
				INFOPLIST_KEY_UISupportedInterfaceOrientations_iPhone = "UIInterfaceOrientationPortrait UIInterfaceOrientationLandscapeLeft UIInterfaceOrientationLandscapeRight";
				LD_RUNPATH_SEARCH_PATHS = (
					"$(inherited)",
					"@executable_path/Frameworks",
				);
				MARKETING_VERSION = 1.0;
				PRODUCT_BUNDLE_IDENTIFIER = "CSCI.CodePath-Prework-Natasha-Budiman";
				PRODUCT_NAME = "$(TARGET_NAME)";
				SWIFT_EMIT_LOC_STRINGS = YES;
				SWIFT_VERSION = 5.0;
				TARGETED_DEVICE_FAMILY = "1,2";
			};
			name = Debug;
		};
		C3CC28EA2D3F31E80099E328 /* Release */ = {
			isa = XCBuildConfiguration;
			buildSettings = {
				ASSETCATALOG_COMPILER_APPICON_NAME = AppIcon;
				ASSETCATALOG_COMPILER_GLOBAL_ACCENT_COLOR_NAME = AccentColor;
				CODE_SIGN_STYLE = Automatic;
				CURRENT_PROJECT_VERSION = 1;
				GENERATE_INFOPLIST_FILE = YES;
				INFOPLIST_FILE = "CodePath Prework Natasha Budiman/Info.plist";
				INFOPLIST_KEY_UIApplicationSupportsIndirectInputEvents = YES;
				INFOPLIST_KEY_UILaunchStoryboardName = LaunchScreen;
				INFOPLIST_KEY_UIMainStoryboardFile = Main;
				INFOPLIST_KEY_UISupportedInterfaceOrientations_iPad = "UIInterfaceOrientationPortrait UIInterfaceOrientationPortraitUpsideDown UIInterfaceOrientationLandscapeLeft UIInterfaceOrientationLandscapeRight";
				INFOPLIST_KEY_UISupportedInterfaceOrientations_iPhone = "UIInterfaceOrientationPortrait UIInterfaceOrientationLandscapeLeft UIInterfaceOrientationLandscapeRight";
				LD_RUNPATH_SEARCH_PATHS = (
					"$(inherited)",
					"@executable_path/Frameworks",
				);
				MARKETING_VERSION = 1.0;
				PRODUCT_BUNDLE_IDENTIFIER = "CSCI.CodePath-Prework-Natasha-Budiman";
				PRODUCT_NAME = "$(TARGET_NAME)";
				SWIFT_EMIT_LOC_STRINGS = YES;
				SWIFT_VERSION = 5.0;
				TARGETED_DEVICE_FAMILY = "1,2";
			};
			name = Release;
		};
		C3CC28EB2D3F31E80099E328 /* Debug */ = {
			isa = XCBuildConfiguration;
			buildSettings = {
				ALWAYS_SEARCH_USER_PATHS = NO;
				ASSETCATALOG_COMPILER_GENERATE_SWIFT_ASSET_SYMBOL_EXTENSIONS = YES;
				CLANG_ANALYZER_NONNULL = YES;
				CLANG_ANALYZER_NUMBER_OBJECT_CONVERSION = YES_AGGRESSIVE;
				CLANG_CXX_LANGUAGE_STANDARD = "gnu++20";
				CLANG_ENABLE_MODULES = YES;
				CLANG_ENABLE_OBJC_ARC = YES;
				CLANG_ENABLE_OBJC_WEAK = YES;
				CLANG_WARN_BLOCK_CAPTURE_AUTORELEASING = YES;
				CLANG_WARN_BOOL_CONVERSION = YES;
				CLANG_WARN_COMMA = YES;
				CLANG_WARN_CONSTANT_CONVERSION = YES;
				CLANG_WARN_DEPRECATED_OBJC_IMPLEMENTATIONS = YES;
				CLANG_WARN_DIRECT_OBJC_ISA_USAGE = YES_ERROR;
				CLANG_WARN_DOCUMENTATION_COMMENTS = YES;
				CLANG_WARN_EMPTY_BODY = YES;
				CLANG_WARN_ENUM_CONVERSION = YES;
				CLANG_WARN_INFINITE_RECURSION = YES;
				CLANG_WARN_INT_CONVERSION = YES;
				CLANG_WARN_NON_LITERAL_NULL_CONVERSION = YES;
				CLANG_WARN_OBJC_IMPLICIT_RETAIN_SELF = YES;
				CLANG_WARN_OBJC_LITERAL_CONVERSION = YES;
				CLANG_WARN_OBJC_ROOT_CLASS = YES_ERROR;
				CLANG_WARN_QUOTED_INCLUDE_IN_FRAMEWORK_HEADER = YES;
				CLANG_WARN_RANGE_LOOP_ANALYSIS = YES;
				CLANG_WARN_STRICT_PROTOTYPES = YES;
				CLANG_WARN_SUSPICIOUS_MOVE = YES;
				CLANG_WARN_UNGUARDED_AVAILABILITY = YES_AGGRESSIVE;
				CLANG_WARN_UNREACHABLE_CODE = YES;
				CLANG_WARN__DUPLICATE_METHOD_MATCH = YES;
				COPY_PHASE_STRIP = NO;
				DEBUG_INFORMATION_FORMAT = dwarf;
				ENABLE_STRICT_OBJC_MSGSEND = YES;
				ENABLE_TESTABILITY = YES;
				ENABLE_USER_SCRIPT_SANDBOXING = YES;
				GCC_C_LANGUAGE_STANDARD = gnu17;
				GCC_DYNAMIC_NO_PIC = NO;
				GCC_NO_COMMON_BLOCKS = YES;
				GCC_OPTIMIZATION_LEVEL = 0;
				GCC_PREPROCESSOR_DEFINITIONS = (
					"DEBUG=1",
					"$(inherited)",
				);
				GCC_WARN_64_TO_32_BIT_CONVERSION = YES;
				GCC_WARN_ABOUT_RETURN_TYPE = YES_ERROR;
				GCC_WARN_UNDECLARED_SELECTOR = YES;
				GCC_WARN_UNINITIALIZED_AUTOS = YES_AGGRESSIVE;
				GCC_WARN_UNUSED_FUNCTION = YES;
				GCC_WARN_UNUSED_VARIABLE = YES;
				IPHONEOS_DEPLOYMENT_TARGET = 18.2;
				LOCALIZATION_PREFERS_STRING_CATALOGS = YES;
				MTL_ENABLE_DEBUG_INFO = INCLUDE_SOURCE;
				MTL_FAST_MATH = YES;
				ONLY_ACTIVE_ARCH = YES;
				SDKROOT = iphoneos;
				SWIFT_ACTIVE_COMPILATION_CONDITIONS = "DEBUG $(inherited)";
				SWIFT_OPTIMIZATION_LEVEL = "-Onone";
			};
			name = Debug;
		};
		C3CC28EC2D3F31E80099E328 /* Release */ = {
			isa = XCBuildConfiguration;
			buildSettings = {
				ALWAYS_SEARCH_USER_PATHS = NO;
				ASSETCATALOG_COMPILER_GENERATE_SWIFT_ASSET_SYMBOL_EXTENSIONS = YES;
				CLANG_ANALYZER_NONNULL = YES;
				CLANG_ANALYZER_NUMBER_OBJECT_CONVERSION = YES_AGGRESSIVE;
				CLANG_CXX_LANGUAGE_STANDARD = "gnu++20";
				CLANG_ENABLE_MODULES = YES;
				CLANG_ENABLE_OBJC_ARC = YES;
				CLANG_ENABLE_OBJC_WEAK = YES;
				CLANG_WARN_BLOCK_CAPTURE_AUTORELEASING = YES;
				CLANG_WARN_BOOL_CONVERSION = YES;
				CLANG_WARN_COMMA = YES;
				CLANG_WARN_CONSTANT_CONVERSION = YES;
				CLANG_WARN_DEPRECATED_OBJC_IMPLEMENTATIONS = YES;
				CLANG_WARN_DIRECT_OBJC_ISA_USAGE = YES_ERROR;
				CLANG_WARN_DOCUMENTATION_COMMENTS = YES;
				CLANG_WARN_EMPTY_BODY = YES;
				CLANG_WARN_ENUM_CONVERSION = YES;
				CLANG_WARN_INFINITE_RECURSION = YES;
				CLANG_WARN_INT_CONVERSION = YES;
				CLANG_WARN_NON_LITERAL_NULL_CONVERSION = YES;
				CLANG_WARN_OBJC_IMPLICIT_RETAIN_SELF = YES;
				CLANG_WARN_OBJC_LITERAL_CONVERSION = YES;
				CLANG_WARN_OBJC_ROOT_CLASS = YES_ERROR;
				CLANG_WARN_QUOTED_INCLUDE_IN_FRAMEWORK_HEADER = YES;
				CLANG_WARN_RANGE_LOOP_ANALYSIS = YES;
				CLANG_WARN_STRICT_PROTOTYPES = YES;
				CLANG_WARN_SUSPICIOUS_MOVE = YES;
				CLANG_WARN_UNGUARDED_AVAILABILITY = YES_AGGRESSIVE;
				CLANG_WARN_UNREACHABLE_CODE = YES;
				CLANG_WARN__DUPLICATE_METHOD_MATCH = YES;
				COPY_PHASE_STRIP = NO;
				DEBUG_INFORMATION_FORMAT = "dwarf-with-dsym";
				ENABLE_NS_ASSERTIONS = NO;
				ENABLE_STRICT_OBJC_MSGSEND = YES;
				ENABLE_USER_SCRIPT_SANDBOXING = YES;
				GCC_C_LANGUAGE_STANDARD = gnu17;
				GCC_NO_COMMON_BLOCKS = YES;
				GCC_WARN_64_TO_32_BIT_CONVERSION = YES;
				GCC_WARN_ABOUT_RETURN_TYPE = YES_ERROR;
				GCC_WARN_UNDECLARED_SELECTOR = YES;
				GCC_WARN_UNINITIALIZED_AUTOS = YES_AGGRESSIVE;
				GCC_WARN_UNUSED_FUNCTION = YES;
				GCC_WARN_UNUSED_VARIABLE = YES;
				IPHONEOS_DEPLOYMENT_TARGET = 18.2;
				LOCALIZATION_PREFERS_STRING_CATALOGS = YES;
				MTL_ENABLE_DEBUG_INFO = NO;
				MTL_FAST_MATH = YES;
				SDKROOT = iphoneos;
				SWIFT_COMPILATION_MODE = wholemodule;
				VALIDATE_PRODUCT = YES;
			};
			name = Release;
		};
		C3CC28EE2D3F31E80099E328 /* Debug */ = {
			isa = XCBuildConfiguration;
			buildSettings = {
				BUNDLE_LOADER = "$(TEST_HOST)";
				CODE_SIGN_STYLE = Automatic;
				CURRENT_PROJECT_VERSION = 1;
				GENERATE_INFOPLIST_FILE = YES;
				IPHONEOS_DEPLOYMENT_TARGET = 18.2;
				MARKETING_VERSION = 1.0;
				PRODUCT_BUNDLE_IDENTIFIER = "CSCI.CodePath-Prework-Natasha-BudimanTests";
				PRODUCT_NAME = "$(TARGET_NAME)";
				SWIFT_EMIT_LOC_STRINGS = NO;
				SWIFT_VERSION = 5.0;
				TARGETED_DEVICE_FAMILY = "1,2";
				TEST_HOST = "$(BUILT_PRODUCTS_DIR)/CodePath Prework Natasha Budiman.app/$(BUNDLE_EXECUTABLE_FOLDER_PATH)/CodePath Prework Natasha Budiman";
			};
			name = Debug;
		};
		C3CC28EF2D3F31E80099E328 /* Release */ = {
			isa = XCBuildConfiguration;
			buildSettings = {
				BUNDLE_LOADER = "$(TEST_HOST)";
				CODE_SIGN_STYLE = Automatic;
				CURRENT_PROJECT_VERSION = 1;
				GENERATE_INFOPLIST_FILE = YES;
				IPHONEOS_DEPLOYMENT_TARGET = 18.2;
				MARKETING_VERSION = 1.0;
				PRODUCT_BUNDLE_IDENTIFIER = "CSCI.CodePath-Prework-Natasha-BudimanTests";
				PRODUCT_NAME = "$(TARGET_NAME)";
				SWIFT_EMIT_LOC_STRINGS = NO;
				SWIFT_VERSION = 5.0;
				TARGETED_DEVICE_FAMILY = "1,2";
				TEST_HOST = "$(BUILT_PRODUCTS_DIR)/CodePath Prework Natasha Budiman.app/$(BUNDLE_EXECUTABLE_FOLDER_PATH)/CodePath Prework Natasha Budiman";
			};
			name = Release;
		};
		C3CC28F12D3F31E80099E328 /* Debug */ = {
			isa = XCBuildConfiguration;
			buildSettings = {
				CODE_SIGN_STYLE = Automatic;
				CURRENT_PROJECT_VERSION = 1;
				GENERATE_INFOPLIST_FILE = YES;
				MARKETING_VERSION = 1.0;
				PRODUCT_BUNDLE_IDENTIFIER = "CSCI.CodePath-Prework-Natasha-BudimanUITests";
				PRODUCT_NAME = "$(TARGET_NAME)";
				SWIFT_EMIT_LOC_STRINGS = NO;
				SWIFT_VERSION = 5.0;
				TARGETED_DEVICE_FAMILY = "1,2";
				TEST_TARGET_NAME = "CodePath Prework Natasha Budiman";
			};
			name = Debug;
		};
		C3CC28F22D3F31E80099E328 /* Release */ = {
			isa = XCBuildConfiguration;
			buildSettings = {
				CODE_SIGN_STYLE = Automatic;
				CURRENT_PROJECT_VERSION = 1;
				GENERATE_INFOPLIST_FILE = YES;
				MARKETING_VERSION = 1.0;
				PRODUCT_BUNDLE_IDENTIFIER = "CSCI.CodePath-Prework-Natasha-BudimanUITests";
				PRODUCT_NAME = "$(TARGET_NAME)";
				SWIFT_EMIT_LOC_STRINGS = NO;
				SWIFT_VERSION = 5.0;
				TARGETED_DEVICE_FAMILY = "1,2";
				TEST_TARGET_NAME = "CodePath Prework Natasha Budiman";
			};
			name = Release;
		};
/* End XCBuildConfiguration section */

/* Begin XCConfigurationList section */
		C3CC28BA2D3F31E30099E328 /* Build configuration list for PBXProject "CodePath Prework Natasha Budiman" */ = {
			isa = XCConfigurationList;
			buildConfigurations = (
				C3CC28EB2D3F31E80099E328 /* Debug */,
				C3CC28EC2D3F31E80099E328 /* Release */,
			);
			defaultConfigurationIsVisible = 0;
			defaultConfigurationName = Release;
		};
		C3CC28E82D3F31E80099E328 /* Build configuration list for PBXNativeTarget "CodePath Prework Natasha Budiman" */ = {
			isa = XCConfigurationList;
			buildConfigurations = (
				C3CC28E92D3F31E80099E328 /* Debug */,
				C3CC28EA2D3F31E80099E328 /* Release */,
			);
			defaultConfigurationIsVisible = 0;
			defaultConfigurationName = Release;
		};
		C3CC28ED2D3F31E80099E328 /* Build configuration list for PBXNativeTarget "CodePath Prework Natasha BudimanTests" */ = {
			isa = XCConfigurationList;
			buildConfigurations = (
				C3CC28EE2D3F31E80099E328 /* Debug */,
				C3CC28EF2D3F31E80099E328 /* Release */,
			);
			defaultConfigurationIsVisible = 0;
			defaultConfigurationName = Release;
		};
		C3CC28F02D3F31E80099E328 /* Build configuration list for PBXNativeTarget "CodePath Prework Natasha BudimanUITests" */ = {
			isa = XCConfigurationList;
			buildConfigurations = (
				C3CC28F12D3F31E80099E328 /* Debug */,
				C3CC28F22D3F31E80099E328 /* Release */,
			);
			defaultConfigurationIsVisible = 0;
			defaultConfigurationName = Release;
		};
/* End XCConfigurationList section */
	};
	rootObject = C3CC28B72D3F31E30099E328 /* Project object */;
}
